github.com/client9/misspell v0.3.4/go.mod h1:qj6jICC3Q7zFZvVWo7KLAzC3yx5G7kyvSDkc90ppPyw=
github.com/davecgh/go-spew v1.1.0/go.mod h1:J7Y8YcW2NihsgmVo/mv3lAwl/skON4iLHjSsI+c5H38=
github.com/gogo/protobuf v1.2.0/go.mod h1:r8qH/GZQm5c6nD/R0oafs1akxWv10x8SbQlK7atdtwQ=
github.com/golang/appengine v1.1.0/go.mod h1:C7k13PpLjU5SHb7WgwfAwCmVFgi4cpy3kl2zlpoBck8=
github.com/golang/glog v0.0.0-20160126235308-23def4e6c14b h1:VKtxabqXZkF25pY9ekfRL6a582T4P37/31XEstQ5p58=
github.com/golang/glog v0.0.0-20160126235308-23def4e6c14b/go.mod h1:SBH7ygxi8pfUlaOkMMuAQtPIUF8ecWP5IEl/CR7VP2Q=
github.com/golang/lint v0.0.0-20181026193005-c67002cb31c3/go.mod h1:tluoj9z5200jBnyusfRPU2LqT6J+DAorxEvtC7LHB+E=
github.com/golang/mock v1.1.1/go.mod h1:oTYuIxOrZwtPieC+H1uAHpcLFnEyAGVDL/k47Jfbm0A=
github.com/golang/net v0.0.0-20190110200230-915654e7eabc h1:jiXCgZ+JP8itarvA26uO1+gEKJ/iN8fLllhh9JGc8f4=
github.com/golang/net v0.0.0-20190110200230-915654e7eabc/go.mod h1:98y8FxUyMjTdJ5eOj/8vzuiVO14/dkJ98NYhEPG8QGY=
github.com/golang/oauth2 v0.0.0-20180821212333-d2e6202438be/go.mod h1:ovBFgdmJqyggKzXS0i5+osE+RsPEbEsUfp2sVCgys1Q=
github.com/golang/protobuf v1.2.0 h1:P3YflyNX/ehuJFLhxviNdFxQPkGK5cDcApsge1SqnvM=
github.com/golang/protobuf v1.2.0/go.mod h1:6lQm79b+lXiMfvg/cZm0SGofjICqVBUtrP5yJMmIC1U=
github.com/golang/sync v0.0.0-20180314180146-1d60e4601c6f/go.mod h1:YCHYtYb9c8Q7XgYVYjmJBPtFPKx5QvOcPxHZWjldabE=
github.com/golang/sys v0.0.0-20180830151530-49385e6e1522/go.mod h1:5JyrLPvD/ZdaYkT7IqKhsP5xt7aLjA99KXRtk4EIYDk=
github.com/golang/text v0.3.0 h1:uI5zIUA9cg047ctlTptnVc0Ghjfurf2eZMFrod8R7v8=
github.com/golang/text v0.3.0/go.mod h1:GUiq9pdJKRKKAZXiVgWFEvocYuREvC14NhI4OPgEjeE=
github.com/golang/tools v0.0.0-20180828015842-6cd1fcedba52/go.mod h1:BZR6KJOI/IQ5FlSQroxL7yevEMRCz1dARTXHD9s4mHE=
github.com/google/go-genproto v0.0.0-20190111180523-db91494dd46c h1:9lZ92fIdMmujTyPmdw7gkYp6ACX0JuCsk3/is4zRiLQ=
github.com/google/go-genproto v0.0.0-20190111180523-db91494dd46c/go.mod h1:7Ep/1NZk928CDR8SjdVbjWNpdIf6nzjE3BTgJDr2Atg=
github.com/googleapis/google-cloud-go v0.34.0/go.mod h1:yJoOdPPE9UpqbamBhJvp7Ur6OUPPV4rUY3RnssPGNBA=
github.com/grpc-ecosystem/go-grpc-middleware v1.0.0/go.mod h1:FiyG127CGDf3tlThmgyCl78X/SZQqEOJBCDaAfeWzPs=
github.com/grpc/grpc-go v1.2.1-0.20190114234020-98a94b0cb0eb h1:mxVwBT9YByOUsW6Rdbul/lXxzND2NYggSyCXF+Bzg60=
github.com/grpc/grpc-go v1.2.1-0.20190114234020-98a94b0cb0eb/go.mod h1:6QZJwpn2B+Zp71q/5VxRsJ6NXXVCE5NRUHRo+f3cWCs=
github.com/kisielk/gotool v1.0.0/go.mod h1:XhKaO+MFFWcvkIS/tQcRk01m1F5IRFswLeQ+oQHNcck=
github.com/opentracing/opentracing-go v1.0.2/go.mod h1:UkNAQd3GIcIGf0SeVgPpRdFStlNbqXla1AfSYxPUl2o=
github.com/pmezard/go-difflib v1.0.0/go.mod h1:iKH77koFhYxTK1pcRnkKkqfTogsbg7gZNVY4sRDYZ/4=
github.com/stretchr/objx v0.1.0/go.mod h1:HFkY916IF+rwdDfMAkV7OtwuqBVzrE8GR6GFx+wExME=
github.com/stretchr/testify v1.3.0/go.mod h1:M5WIy9Dh21IEIfnGCwXGc5bZfKNJtfHm1UVUgZn+9EI=
honnef.co/go/tools v0.0.0-20180728063816-88497007e858/go.mod h1:rf3lG4BRIbNafJWhAfAdb/ePZxsR/4RtNHQocxwk9r4=
